<?xml version="1.0" encoding="utf-8"?>
<Project ToolsVersion="4.0" xmlns="http://schemas.microsoft.com/developer/msbuild/2003">
  <ItemGroup>
    <Filter Include="Source Files">
      <UniqueIdentifier>{4FC737F1-C7A5-4376-A066-2A32D752A2FF}</UniqueIdentifier>
      <Extensions>cpp;c;cc;cxx;c++;cppm;ixx;def;odl;idl;hpj;bat;asm;asmx</Extensions>
    </Filter>
    <Filter Include="Header Files">
      <UniqueIdentifier>{93995380-89BD-4b04-88EB-625FBE52EBFB}</UniqueIdentifier>
      <Extensions>h;hh;hpp;hxx;h++;hm;inl;inc;ipp;xsd</Extensions>
    </Filter>
    <Filter Include="Resource Files">
      <UniqueIdentifier>{67DA6AB6-F800-4c08-8B7A-83BB121AAD01}</UniqueIdentifier>
      <Extensions>rc;ico;cur;bmp;dlg;rc2;rct;bin;rgs;gif;jpg;jpeg;jpe;resx;tiff;tif;png;wav;mfcribbon-ms</Extensions>
    </Filter>
  </ItemGroup>
  <ItemGroup>
    <ClCompile Include="Source\Renderer\Vulkan\Vendor\vk_mem_alloc.cpp">
      <Filter>Source Files</Filter>
    </ClCompile>
    <ClCompile Include="Source\Renderer\Vulkan\Buffer.cpp">
      <Filter>Source Files</Filter>
    </ClCompile>
    <ClCompile Include="Source\Renderer\Vulkan\CommandList.cpp">
      <Filter>Source Files</Filter>
    </ClCompile>
    <ClCompile Include="Source\Renderer\Vulkan\ComputePipeline.cpp">
      <Filter>Source Files</Filter>
    </ClCompile>
    <ClCompile Include="Source\Renderer\Vulkan\Descriptor.cpp">
      <Filter>Source Files</Filter>
    </ClCompile>
    <ClCompile Include="Source\Renderer\Vulkan\DescriptorAllocator.cpp">
      <Filter>Source Files</Filter>
    </ClCompile>
    <ClCompile Include="Source\Renderer\Vulkan\DescriptorLayout.cpp">
      <Filter>Source Files</Filter>
    </ClCompile>
    <ClCompile Include="Source\Renderer\Vulkan\Device.cpp">
      <Filter>Source Files</Filter>
    </ClCompile>
    <ClCompile Include="Source\Renderer\Vulkan\ImguiImpl.cpp">
      <Filter>Source Files</Filter>
    </ClCompile>
    <ClCompile Include="Source\Renderer\Vulkan\Pipeline.cpp">
      <Filter>Source Files</Filter>
    </ClCompile>
    <ClCompile Include="Source\Renderer\Vulkan\Renderpass.cpp">
      <Filter>Source Files</Filter>
    </ClCompile>
    <ClCompile Include="Source\Renderer\Vulkan\Sampler.cpp">
      <Filter>Source Files</Filter>
    </ClCompile>
    <ClCompile Include="Source\Renderer\Vulkan\Swapchain.cpp">
      <Filter>Source Files</Filter>
    </ClCompile>
    <ClCompile Include="Source\Renderer\Vulkan\Texture.cpp">
      <Filter>Source Files</Filter>
    </ClCompile>
    <ClCompile Include="Source\Renderer\Vulkan\UtilityVK.cpp">
      <Filter>Source Files</Filter>
    </ClCompile>
    <ClCompile Include="Source\Main.cpp">
      <Filter>Source Files</Filter>
    </ClCompile>
    <ClCompile Include="Source\Core\Window.cpp">
      <Filter>Source Files</Filter>
    </ClCompile>
    <ClCompile Include="Source\Renderer\RenderManager.cpp">
      <Filter>Source Files</Filter>
    </ClCompile>
    <ClCompile Include="Source\Renderer\VkImpl\RenderManagerVk.cpp">
      <Filter>Source Files</Filter>
    </ClCompile>
    <ClCompile Include="Source\Renderer\VkImpl\MeshVk.cpp">
      <Filter>Source Files</Filter>
    </ClCompile>
    <ClCompile Include="Source\FileSystem\FileSystem.cpp">
      <Filter>Source Files</Filter>
    </ClCompile>
    <ClCompile Include="Source\FileSystem\ResourceManager.cpp">
      <Filter>Source Files</Filter>
    </ClCompile>
    <ClCompile Include="Source\Core\EventManager.cpp">
      <Filter>Source Files</Filter>
    </ClCompile>
    <ClCompile Include="Source\Core\Input.cpp">
      <Filter>Source Files</Filter>
    </ClCompile>
    <ClCompile Include="Source\Core\Image.cpp">
      <Filter>Source Files</Filter>
    </ClCompile>
    <ClCompile Include="Source\Renderer\VkImpl\TextureVk.cpp">
      <Filter>Source Files</Filter>
    </ClCompile>
  </ItemGroup>
  <ItemGroup>
    <ClInclude Include="Source\Renderer\Vulkan\Vendor\vk_mem_alloc.h">
      <Filter>Header Files</Filter>
    </ClInclude>
    <ClInclude Include="Source\Renderer\Vulkan\Buffer.h">
      <Filter>Header Files</Filter>
    </ClInclude>
    <ClInclude Include="Source\Renderer\Vulkan\CommandList.h">
      <Filter>Header Files</Filter>
    </ClInclude>
    <ClInclude Include="Source\Renderer\Vulkan\ComputePipeline.h">
      <Filter>Header Files</Filter>
    </ClInclude>
    <ClInclude Include="Source\Renderer\Vulkan\Descriptor.h">
      <Filter>Header Files</Filter>
    </ClInclude>
    <ClInclude Include="Source\Renderer\Vulkan\DescriptorAllocator.h">
      <Filter>Header Files</Filter>
    </ClInclude>
    <ClInclude Include="Source\Renderer\Vulkan\DescriptorLayout.h">
      <Filter>Header Files</Filter>
    </ClInclude>
    <ClInclude Include="Source\Renderer\Vulkan\Device.h">
      <Filter>Header Files</Filter>
    </ClInclude>
    <ClInclude Include="Source\Renderer\Vulkan\Format.h">
      <Filter>Header Files</Filter>
    </ClInclude>
    <ClInclude Include="Source\Renderer\Vulkan\ImguiImpl.h">
      <Filter>Header Files</Filter>
    </ClInclude>
    <ClInclude Include="Source\Renderer\Vulkan\Pipeline.h">
      <Filter>Header Files</Filter>
    </ClInclude>
    <ClInclude Include="Source\Renderer\Vulkan\Renderpass.h">
      <Filter>Header Files</Filter>
    </ClInclude>
    <ClInclude Include="Source\Renderer\Vulkan\Sampler.h">
      <Filter>Header Files</Filter>
    </ClInclude>
    <ClInclude Include="Source\Renderer\Vulkan\Swapchain.h">
      <Filter>Header Files</Filter>
    </ClInclude>
    <ClInclude Include="Source\Renderer\Vulkan\Texture.h">
      <Filter>Header Files</Filter>
    </ClInclude>
    <ClInclude Include="Source\Renderer\Vulkan\UtilityVK.h">
      <Filter>Header Files</Filter>
    </ClInclude>
    <ClInclude Include="Source\Core\Window.h">
      <Filter>Header Files</Filter>
    </ClInclude>
    <ClInclude Include="Source\Core\Singleton.h">
      <Filter>Header Files</Filter>
    </ClInclude>
    <ClInclude Include="Source\Core\GlobalState.h">
      <Filter>Header Files</Filter>
    </ClInclude>
    <ClInclude Include="Source\Core\Platform.h">
      <Filter>Header Files</Filter>
    </ClInclude>
    <ClInclude Include="Source\Core\Application.h">
      <Filter>Header Files</Filter>
    </ClInclude>
    <ClInclude Include="Source\Renderer\RenderManager.h">
      <Filter>Header Files</Filter>
    </ClInclude>
    <ClInclude Include="Source\Renderer\Mesh.h">
      <Filter>Header Files</Filter>
    </ClInclude>
    <ClInclude Include="Source\Renderer\VkImpl\RenderManagerVk.h">
      <Filter>Header Files</Filter>
    </ClInclude>
    <ClInclude Include="Source\Maths\BoundingBox.h">
      <Filter>Header Files</Filter>
    </ClInclude>
    <ClInclude Include="Source\Renderer\VkImpl\MeshVk.h">
      <Filter>Header Files</Filter>
    </ClInclude>
    <ClInclude Include="Source\FileSystem\ResourceManager.h">
      <Filter>Header Files</Filter>
    </ClInclude>
    <ClInclude Include="Source\Renderer\Texture.h">
      <Filter>Header Files</Filter>
    </ClInclude>
    <ClInclude Include="Source\FileSystem\FileSystem.h">
      <Filter>Header Files</Filter>
    </ClInclude>
    <ClInclude Include="Source\Core\Timer.h">
      <Filter>Header Files</Filter>
    </ClInclude>
    <ClInclude Include="Source\Core\Profiler.h">
      <Filter>Header Files</Filter>
    </ClInclude>
    <ClInclude Include="Source\Renderer\VkImpl\MaterialVk.h">
      <Filter>Header Files</Filter>
    </ClInclude>
    <ClInclude Include="Source\Renderer\SkyMaterial.h">
      <Filter>Header Files</Filter>
    </ClInclude>
    <ClInclude Include="Source\Core\EventManager.h">
      <Filter>Header Files</Filter>
    </ClInclude>
    <ClInclude Include="Source\Core\KeyCodes.h">
      <Filter>Header Files</Filter>
    </ClInclude>
    <ClInclude Include="Source\Core\Input.h">
      <Filter>Header Files</Filter>
    </ClInclude>
    <ClInclude Include="Source\Core\Image.h">
      <Filter>Header Files</Filter>
    </ClInclude>
    <ClInclude Include="Source\Renderer\VkImpl\TextureVk.h">
      <Filter>Header Files</Filter>
    </ClInclude>
    <ClInclude Include="Source\Core\Log.h">
      <Filter>Header Files</Filter>
    </ClInclude>
    <ClInclude Include="Source\Renderer\Material.h">
      <Filter>Header Files</Filter>
    </ClInclude>
  </ItemGroup>
  <ItemGroup>
    <None Include="Resources\Shaders\base.glsl.vert" />
    <None Include="Resources\Shaders\base.glsl.frag" />
  </ItemGroup>
</Project>